# This file is automatically @generated by Cargo.
# It is not intended for manual editing.
version = 4

[[package]]
name = "arc_multi_thread"
version = "0.1.0"

[[package]]
name = "atkin_multi_thread"
version = "0.1.0"

[[package]]
name = "atkin_single_thread"
version = "0.1.0"

[[package]]
name = "bit_sieve_multi_thread"
version = "0.1.0"

[[package]]
name = "channel_multi_thread"
version = "0.1.0"

[[package]]
name = "main"
version = "0.1.0"
dependencies = [
 "arc_multi_thread",
 "atkin_multi_thread",
 "atkin_single_thread",
 "bit_sieve_multi_thread",
 "channel_multi_thread",
 "prime_single_thread",
 "segmented_multi_thread",
 "segmented_single_thread",
 "sieve_multi_thread",
 "sieve_single_thread",
 "simple_multi_thread",
]

[[package]]
name = "prime_single_thread"
version = "0.1.0"

[[package]]
name = "segmented_multi_thread"
version = "0.1.0"

[[package]]
name = "segmented_single_thread"
version = "0.1.0"

[[package]]
name = "sieve_multi_thread"
version = "0.1.0"

[[package]]
name = "sieve_single_thread"
version = "0.1.0"

[[package]]
name = "simple_multi_thread"
version = "0.1.0"
